PODS:
  - UQPAYSDK (1.0.2):
    - UQPAYSDK/UQPAYSDK (= 1.0.2)
  - UQPAYSDK/UQPAYSDK (1.0.2)

DEPENDENCIES:
  - UQPAYSDK

SPEC REPOS:
  https://github.com/cocoapods/specs.git:
    - UQPAYSDK

SPEC CHECKSUMS:
  UQPAYSDK: f685b5154973e18861165087da3a23f3773825b2

PODFILE CHECKSUM: 1e7ed4963c3fc55a76e3ea89dd914352471fccd7

COCOAPODS: 1.7.5
